// !$*UTF8*$!
{
	archiveVersion = 1;
	classes = {
	};
	objectVersion = 77;
	objects = {

/* Begin PBXContainerItemProxy section */
		F91EC2D72C9A0F98009B03EF /* PBXContainerItemProxy */ = {
			isa = PBXContainerItemProxy;
			containerPortal = F91EC2BC2C9A0F96009B03EF /* Project object */;
			proxyType = 1;
			remoteGlobalIDString = F91EC2C32C9A0F96009B03EF;
			remoteInfo = TasteTest;
		};
		F91EC2E12C9A0F98009B03EF /* PBXContainerItemProxy */ = {
			isa = PBXContainerItemProxy;
			containerPortal = F91EC2BC2C9A0F96009B03EF /* Project object */;
			proxyType = 1;
			remoteGlobalIDString = F91EC2C32C9A0F96009B03EF;
			remoteInfo = TasteTest;
		};
/* End PBXContainerItemProxy section */

/* Begin PBXFileReference section */
		F91EC2C42C9A0F96009B03EF /* TasteTest.app */ = {isa = PBXFileReference; explicitFileType = wrapper.application; includeInIndex = 0; path = TasteTest.app; sourceTree = BUILT_PRODUCTS_DIR; };
		F91EC2D62C9A0F98009B03EF /* TasteTestTests.xctest */ = {isa = PBXFileReference; explicitFileType = wrapper.cfbundle; includeInIndex = 0; path = TasteTestTests.xctest; sourceTree = BUILT_PRODUCTS_DIR; };
		F91EC2E02C9A0F98009B03EF /* TasteTestUITests.xctest */ = {isa = PBXFileReference; explicitFileType = wrapper.cfbundle; includeInIndex = 0; path = TasteTestUITests.xctest; sourceTree = BUILT_PRODUCTS_DIR; };
/* End PBXFileReference section */

/* Begin PBXFileSystemSynchronizedRootGroup section */
		F91EC2C62C9A0F96009B03EF /* TasteTest */ = {
			isa = PBXFileSystemSynchronizedRootGroup;
			path = TasteTest;
			sourceTree = "<group>";
		};
		F91EC2D92C9A0F98009B03EF /* TasteTestTests */ = {
			isa = PBXFileSystemSynchronizedRootGroup;
			path = TasteTestTests;
			sourceTree = "<group>";
		};
		F91EC2E32C9A0F98009B03EF /* TasteTestUITests */ = {
			isa = PBXFileSystemSynchronizedRootGroup;
			path = TasteTestUITests;
			sourceTree = "<group>";
		};
/* End PBXFileSystemSynchronizedRootGroup section */

/* Begin PBXFrameworksBuildPhase section */
		F91EC2C12C9A0F96009B03EF /* Frameworks */ = {
			isa = PBXFrameworksBuildPhase;
			buildActionMask = 2147483647;
			files = (
			);
			runOnlyForDeploymentPostprocessing = 0;
		};
		F91EC2D32C9A0F98009B03EF /* Frameworks */ = {
			isa = PBXFrameworksBuildPhase;
			buildActionMask = 2147483647;
			files = (
			);
			runOnlyForDeploymentPostprocessing = 0;
		};
		F91EC2DD2C9A0F98009B03EF /* Frameworks */ = {
			isa = PBXFrameworksBuildPhase;
			buildActionMask = 2147483647;
			files = (
			);
			runOnlyForDeploymentPostprocessing = 0;
		};
/* End PBXFrameworksBuildPhase section */

/* Begin PBXGroup section */
		F91EC2BB2C9A0F96009B03EF = {
			isa = PBXGroup;
			children = (
				F91EC2C62C9A0F96009B03EF /* TasteTest */,
				F91EC2D92C9A0F98009B03EF /* TasteTestTests */,
				F91EC2E32C9A0F98009B03EF /* TasteTestUITests */,
				F91EC2C52C9A0F96009B03EF /* Products */,
			);
			sourceTree = "<group>";
		};
		F91EC2C52C9A0F96009B03EF /* Products */ = {
			isa = PBXGroup;
			children = (
				F91EC2C42C9A0F96009B03EF /* TasteTest.app */,
				F91EC2D62C9A0F98009B03EF /* TasteTestTests.xctest */,
				F91EC2E02C9A0F98009B03EF /* TasteTestUITests.xctest */,
			);
			name = Products;
			sourceTree = "<group>";
		};
/* End PBXGroup section */

/* Begin PBXNativeTarget section */
		F91EC2C32C9A0F96009B03EF /* TasteTest */ = {
			isa = PBXNativeTarget;
			buildConfigurationList = F91EC2EA2C9A0F98009B03EF /* Build configuration list for PBXNativeTarget "TasteTest" */;
			buildPhases = (
				F91EC2C02C9A0F96009B03EF /* Sources */,
				F91EC2C12C9A0F96009B03EF /* Frameworks */,
				F91EC2C22C9A0F96009B03EF /* Resources */,
			);
			buildRules = (
			);
			dependencies = (
			);
			fileSystemSynchronizedGroups = (
				F91EC2C62C9A0F96009B03EF /* TasteTest */,
			);
			name = TasteTest;
			packageProductDependencies = (
			);
			productName = TasteTest;
			productReference = F91EC2C42C9A0F96009B03EF /* TasteTest.app */;
			productType = "com.apple.product-type.application";
		};
		F91EC2D52C9A0F98009B03EF /* TasteTestTests */ = {
			isa = PBXNativeTarget;
			buildConfigurationList = F91EC2ED2C9A0F98009B03EF /* Build configuration list for PBXNativeTarget "TasteTestTests" */;
			buildPhases = (
				F91EC2D22C9A0F98009B03EF /* Sources */,
				F91EC2D32C9A0F98009B03EF /* Frameworks */,
				F91EC2D42C9A0F98009B03EF /* Resources */,
			);
			buildRules = (
			);
			dependencies = (
				F91EC2D82C9A0F98009B03EF /* PBXTargetDependency */,
			);
			fileSystemSynchronizedGroups = (
				F91EC2D92C9A0F98009B03EF /* TasteTestTests */,
			);
			name = TasteTestTests;
			packageProductDependencies = (
			);
			productName = TasteTestTests;
			productReference = F91EC2D62C9A0F98009B03EF /* TasteTestTests.xctest */;
			productType = "com.apple.product-type.bundle.unit-test";
		};
		F91EC2DF2C9A0F98009B03EF /* TasteTestUITests */ = {
			isa = PBXNativeTarget;
			buildConfigurationList = F91EC2F02C9A0F98009B03EF /* Build configuration list for PBXNativeTarget "TasteTestUITests" */;
			buildPhases = (
				F91EC2DC2C9A0F98009B03EF /* Sources */,
				F91EC2DD2C9A0F98009B03EF /* Frameworks */,
				F91EC2DE2C9A0F98009B03EF /* Resources */,
			);
			buildRules = (
			);
			dependencies = (
				F91EC2E22C9A0F98009B03EF /* PBXTargetDependency */,
			);
			fileSystemSynchronizedGroups = (
				F91EC2E32C9A0F98009B03EF /* TasteTestUITests */,
			);
			name = TasteTestUITests;
			packageProductDependencies = (
			);
			productName = TasteTestUITests;
			productReference = F91EC2E02C9A0F98009B03EF /* TasteTestUITests.xctest */;
			productType = "com.apple.product-type.bundle.ui-testing";
		};
/* End PBXNativeTarget section */

/* Begin PBXProject section */
		F91EC2BC2C9A0F96009B03EF /* Project object */ = {
			isa = PBXProject;
			attributes = {
				BuildIndependentTargetsInParallel = 1;
				LastSwiftUpdateCheck = 1600;
				LastUpgradeCheck = 1600;
				TargetAttributes = {
					F91EC2C32C9A0F96009B03EF = {
						CreatedOnToolsVersion = 16.0;
					};
					F91EC2D52C9A0F98009B03EF = {
						CreatedOnToolsVersion = 16.0;
						TestTargetID = F91EC2C32C9A0F96009B03EF;
					};
					F91EC2DF2C9A0F98009B03EF = {
						CreatedOnToolsVersion = 16.0;
						TestTargetID = F91EC2C32C9A0F96009B03EF;
					};
				};
			};
			buildConfigurationList = F91EC2BF2C9A0F96009B03EF /* Build configuration list for PBXProject "TasteTest" */;
			developmentRegion = en;
			hasScannedForEncodings = 0;
			knownRegions = (
				en,
				Base,
			);
			mainGroup = F91EC2BB2C9A0F96009B03EF;
			minimizedProjectReferenceProxies = 1;
			preferredProjectObjectVersion = 77;
			productRefGroup = F91EC2C52C9A0F96009B03EF /* Products */;
			projectDirPath = "";
			projectRoot = "";
			targets = (
				F91EC2C32C9A0F96009B03EF /* TasteTest */,
				F91EC2D52C9A0F98009B03EF /* TasteTestTests */,
				F91EC2DF2C9A0F98009B03EF /* TasteTestUITests */,
			);
		};
/* End PBXProject section */

/* Begin PBXResourcesBuildPhase section */
		F91EC2C22C9A0F96009B03EF /* Resources */ = {
			isa = PBXResourcesBuildPhase;
			buildActionMask = 2147483647;
			files = (
			);
			runOnlyForDeploymentPostprocessing = 0;
		};
		F91EC2D42C9A0F98009B03EF /* Resources */ = {
			isa = PBXResourcesBuildPhase;
			buildActionMask = 2147483647;
			files = (
			);
			runOnlyForDeploymentPostprocessing = 0;
		};
		F91EC2DE2C9A0F98009B03EF /* Resources */ = {
			isa = PBXResourcesBuildPhase;
			buildActionMask = 2147483647;
			files = (
			);
			runOnlyForDeploymentPostprocessing = 0;
		};
/* End PBXResourcesBuildPhase section */

/* Begin PBXSourcesBuildPhase section */
		F91EC2C02C9A0F96009B03EF /* Sources */ = {
			isa = PBXSourcesBuildPhase;
			buildActionMask = 2147483647;
			files = (
			);
			runOnlyForDeploymentPostprocessing = 0;
		};
		F91EC2D22C9A0F98009B03EF /* Sources */ = {
			isa = PBXSourcesBuildPhase;
			buildActionMask = 2147483647;
			files = (
			);
			runOnlyForDeploymentPostprocessing = 0;
		};
		F91EC2DC2C9A0F98009B03EF /* Sources */ = {
			isa = PBXSourcesBuildPhase;
			buildActionMask = 2147483647;
			files = (
			);
			runOnlyForDeploymentPostprocessing = 0;
		};
/* End PBXSourcesBuildPhase section */

/* Begin PBXTargetDependency section */
		F91EC2D82C9A0F98009B03EF /* PBXTargetDependency */ = {
			isa = PBXTargetDependency;
			target = F91EC2C32C9A0F96009B03EF /* TasteTest */;
			targetProxy = F91EC2D72C9A0F98009B03EF /* PBXContainerItemProxy */;
		};
		F91EC2E22C9A0F98009B03EF /* PBXTargetDependency */ = {
			isa = PBXTargetDependency;
			target = F91EC2C32C9A0F96009B03EF /* TasteTest */;
			targetProxy = F91EC2E12C9A0F98009B03EF /* PBXContainerItemProxy */;
		};
/* End PBXTargetDependency section */

/* Begin XCBuildConfiguration section */
		F91EC2E82C9A0F98009B03EF /* Debug */ = {
			isa = XCBuildConfiguration;
			buildSettings = {
				ALWAYS_SEARCH_USER_PATHS = NO;
				ASSETCATALOG_COMPILER_GENERATE_SWIFT_ASSET_SYMBOL_EXTENSIONS = YES;
				CLANG_ANALYZER_NONNULL = YES;
				CLANG_ANALYZER_NUMBER_OBJECT_CONVERSION = YES_AGGRESSIVE;
				CLANG_CXX_LANGUAGE_STANDARD = "gnu++20";
				CLANG_ENABLE_MODULES = YES;
				CLANG_ENABLE_OBJC_ARC = YES;
				CLANG_ENABLE_OBJC_WEAK = YES;
				CLANG_WARN_BLOCK_CAPTURE_AUTORELEASING = YES;
				CLANG_WARN_BOOL_CONVERSION = YES;
				CLANG_WARN_COMMA = YES;
				CLANG_WARN_CONSTANT_CONVERSION = YES;
				CLANG_WARN_DEPRECATED_OBJC_IMPLEMENTATIONS = YES;
				CLANG_WARN_DIRECT_OBJC_ISA_USAGE = YES_ERROR;
				CLANG_WARN_DOCUMENTATION_COMMENTS = YES;
				CLANG_WARN_EMPTY_BODY = YES;
				CLANG_WARN_ENUM_CONVERSION = YES;
				CLANG_WARN_INFINITE_RECURSION = YES;
				CLANG_WARN_INT_CONVERSION = YES;
				CLANG_WARN_NON_LITERAL_NULL_CONVERSION = YES;
				CLANG_WARN_OBJC_IMPLICIT_RETAIN_SELF = YES;
				CLANG_WARN_OBJC_LITERAL_CONVERSION = YES;
				CLANG_WARN_OBJC_ROOT_CLASS = YES_ERROR;
				CLANG_WARN_QUOTED_INCLUDE_IN_FRAMEWORK_HEADER = YES;
				CLANG_WARN_RANGE_LOOP_ANALYSIS = YES;
				CLANG_WARN_STRICT_PROTOTYPES = YES;
				CLANG_WARN_SUSPICIOUS_MOVE = YES;
				CLANG_WARN_UNGUARDED_AVAILABILITY = YES_AGGRESSIVE;
				CLANG_WARN_UNREACHABLE_CODE = YES;
				CLANG_WARN__DUPLICATE_METHOD_MATCH = YES;
				COPY_PHASE_STRIP = NO;
				DEBUG_INFORMATION_FORMAT = dwarf;
				ENABLE_STRICT_OBJC_MSGSEND = YES;
				ENABLE_TESTABILITY = YES;
				ENABLE_USER_SCRIPT_SANDBOXING = YES;
				GCC_C_LANGUAGE_STANDARD = gnu17;
				GCC_DYNAMIC_NO_PIC = NO;
				GCC_NO_COMMON_BLOCKS = YES;
				GCC_OPTIMIZATION_LEVEL = 0;
				GCC_PREPROCESSOR_DEFINITIONS = (
					"DEBUG=1",
					"$(inherited)",
				);
				GCC_WARN_64_TO_32_BIT_CONVERSION = YES;
				GCC_WARN_ABOUT_RETURN_TYPE = YES_ERROR;
				GCC_WARN_UNDECLARED_SELECTOR = YES;
				GCC_WARN_UNINITIALIZED_AUTOS = YES_AGGRESSIVE;
				GCC_WARN_UNUSED_FUNCTION = YES;
				GCC_WARN_UNUSED_VARIABLE = YES;
				IPHONEOS_DEPLOYMENT_TARGET = 18.0;
				LOCALIZATION_PREFERS_STRING_CATALOGS = YES;
				MTL_ENABLE_DEBUG_INFO = INCLUDE_SOURCE;
				MTL_FAST_MATH = YES;
				ONLY_ACTIVE_ARCH = YES;
				SDKROOT = iphoneos;
				SWIFT_ACTIVE_COMPILATION_CONDITIONS = "DEBUG $(inherited)";
				SWIFT_OPTIMIZATION_LEVEL = "-Onone";
			};
			name = Debug;
		};
		F91EC2E92C9A0F98009B03EF /* Release */ = {
			isa = XCBuildConfiguration;
			buildSettings = {
				ALWAYS_SEARCH_USER_PATHS = NO;
				ASSETCATALOG_COMPILER_GENERATE_SWIFT_ASSET_SYMBOL_EXTENSIONS = YES;
				CLANG_ANALYZER_NONNULL = YES;
				CLANG_ANALYZER_NUMBER_OBJECT_CONVERSION = YES_AGGRESSIVE;
				CLANG_CXX_LANGUAGE_STANDARD = "gnu++20";
				CLANG_ENABLE_MODULES = YES;
				CLANG_ENABLE_OBJC_ARC = YES;
				CLANG_ENABLE_OBJC_WEAK = YES;
				CLANG_WARN_BLOCK_CAPTURE_AUTORELEASING = YES;
				CLANG_WARN_BOOL_CONVERSION = YES;
				CLANG_WARN_COMMA = YES;
				CLANG_WARN_CONSTANT_CONVERSION = YES;
				CLANG_WARN_DEPRECATED_OBJC_IMPLEMENTATIONS = YES;
				CLANG_WARN_DIRECT_OBJC_ISA_USAGE = YES_ERROR;
				CLANG_WARN_DOCUMENTATION_COMMENTS = YES;
				CLANG_WARN_EMPTY_BODY = YES;
				CLANG_WARN_ENUM_CONVERSION = YES;
				CLANG_WARN_INFINITE_RECURSION = YES;
				CLANG_WARN_INT_CONVERSION = YES;
				CLANG_WARN_NON_LITERAL_NULL_CONVERSION = YES;
				CLANG_WARN_OBJC_IMPLICIT_RETAIN_SELF = YES;
				CLANG_WARN_OBJC_LITERAL_CONVERSION = YES;
				CLANG_WARN_OBJC_ROOT_CLASS = YES_ERROR;
				CLANG_WARN_QUOTED_INCLUDE_IN_FRAMEWORK_HEADER = YES;
				CLANG_WARN_RANGE_LOOP_ANALYSIS = YES;
				CLANG_WARN_STRICT_PROTOTYPES = YES;
				CLANG_WARN_SUSPICIOUS_MOVE = YES;
				CLANG_WARN_UNGUARDED_AVAILABILITY = YES_AGGRESSIVE;
				CLANG_WARN_UNREACHABLE_CODE = YES;
				CLANG_WARN__DUPLICATE_METHOD_MATCH = YES;
				COPY_PHASE_STRIP = NO;
				DEBUG_INFORMATION_FORMAT = "dwarf-with-dsym";
				ENABLE_NS_ASSERTIONS = NO;
				ENABLE_STRICT_OBJC_MSGSEND = YES;
				ENABLE_USER_SCRIPT_SANDBOXING = YES;
				GCC_C_LANGUAGE_STANDARD = gnu17;
				GCC_NO_COMMON_BLOCKS = YES;
				GCC_WARN_64_TO_32_BIT_CONVERSION = YES;
				GCC_WARN_ABOUT_RETURN_TYPE = YES_ERROR;
				GCC_WARN_UNDECLARED_SELECTOR = YES;
				GCC_WARN_UNINITIALIZED_AUTOS = YES_AGGRESSIVE;
				GCC_WARN_UNUSED_FUNCTION = YES;
				GCC_WARN_UNUSED_VARIABLE = YES;
				IPHONEOS_DEPLOYMENT_TARGET = 18.0;
				LOCALIZATION_PREFERS_STRING_CATALOGS = YES;
				MTL_ENABLE_DEBUG_INFO = NO;
				MTL_FAST_MATH = YES;
				SDKROOT = iphoneos;
				SWIFT_COMPILATION_MODE = wholemodule;
				VALIDATE_PRODUCT = YES;
			};
			name = Release;
		};
		F91EC2EB2C9A0F98009B03EF /* Debug */ = {
			isa = XCBuildConfiguration;
			buildSettings = {
				ASSETCATALOG_COMPILER_APPICON_NAME = AppIcon;
				ASSETCATALOG_COMPILER_GLOBAL_ACCENT_COLOR_NAME = AccentColor;
				CODE_SIGN_STYLE = Automatic;
				CURRENT_PROJECT_VERSION = 1;
				DEVELOPMENT_ASSET_PATHS = "\"TasteTest/Preview Content\"";
				DEVELOPMENT_TEAM = 7SGM899LTH;
				ENABLE_PREVIEWS = YES;
				GENERATE_INFOPLIST_FILE = YES;
				INFOPLIST_KEY_UIApplicationSceneManifest_Generation = YES;
				INFOPLIST_KEY_UIApplicationSupportsIndirectInputEvents = YES;
				INFOPLIST_KEY_UILaunchScreen_Generation = YES;
				INFOPLIST_KEY_UISupportedInterfaceOrientations = UIInterfaceOrientationPortrait;
				INFOPLIST_KEY_UISupportedInterfaceOrientations_iPad = "UIInterfaceOrientationLandscapeLeft UIInterfaceOrientationLandscapeRight UIInterfaceOrientationPortrait UIInterfaceOrientationPortraitUpsideDown";
				IPHONEOS_DEPLOYMENT_TARGET = 17.6;
				LD_RUNPATH_SEARCH_PATHS = (
					"$(inherited)",
					"@executable_path/Frameworks",
				);
				MARKETING_VERSION = 1.0;
				PRODUCT_BUNDLE_IDENTIFIER = com.adambsadler.TasteTest;
				PRODUCT_NAME = "$(TARGET_NAME)";
				SUPPORTED_PLATFORMS = "iphoneos iphonesimulator";
				SUPPORTS_MACCATALYST = NO;
				SUPPORTS_MAC_DESIGNED_FOR_IPHONE_IPAD = NO;
				SUPPORTS_XR_DESIGNED_FOR_IPHONE_IPAD = NO;
				SWIFT_EMIT_LOC_STRINGS = YES;
				SWIFT_VERSION = 5.0;
				TARGETED_DEVICE_FAMILY = 1;
			};
			name = Debug;
		};
		F91EC2EC2C9A0F98009B03EF /* Release */ = {
			isa = XCBuildConfiguration;
			buildSettings = {
				ASSETCATALOG_COMPILER_APPICON_NAME = AppIcon;
				ASSETCATALOG_COMPILER_GLOBAL_ACCENT_COLOR_NAME = AccentColor;
				CODE_SIGN_STYLE = Automatic;
				CURRENT_PROJECT_VERSION = 1;
				DEVELOPMENT_ASSET_PATHS = "\"TasteTest/Preview Content\"";
				DEVELOPMENT_TEAM = 7SGM899LTH;
				ENABLE_PREVIEWS = YES;
				GENERATE_INFOPLIST_FILE = YES;
				INFOPLIST_KEY_UIApplicationSceneManifest_Generation = YES;
				INFOPLIST_KEY_UIApplicationSupportsIndirectInputEvents = YES;
				INFOPLIST_KEY_UILaunchScreen_Generation = YES;
				INFOPLIST_KEY_UISupportedInterfaceOrientations = UIInterfaceOrientationPortrait;
				INFOPLIST_KEY_UISupportedInterfaceOrientations_iPad = "UIInterfaceOrientationLandscapeLeft UIInterfaceOrientationLandscapeRight UIInterfaceOrientationPortrait UIInterfaceOrientationPortraitUpsideDown";
				IPHONEOS_DEPLOYMENT_TARGET = 17.6;
				LD_RUNPATH_SEARCH_PATHS = (
					"$(inherited)",
					"@executable_path/Frameworks",
				);
				MARKETING_VERSION = 1.0;
				PRODUCT_BUNDLE_IDENTIFIER = com.adambsadler.TasteTest;
				PRODUCT_NAME = "$(TARGET_NAME)";
				SUPPORTED_PLATFORMS = "iphoneos iphonesimulator";
				SUPPORTS_MACCATALYST = NO;
				SUPPORTS_MAC_DESIGNED_FOR_IPHONE_IPAD = NO;
				SUPPORTS_XR_DESIGNED_FOR_IPHONE_IPAD = NO;
				SWIFT_EMIT_LOC_STRINGS = YES;
				SWIFT_VERSION = 5.0;
				TARGETED_DEVICE_FAMILY = 1;
			};
			name = Release;
		};
		F91EC2EE2C9A0F98009B03EF /* Debug */ = {
			isa = XCBuildConfiguration;
			buildSettings = {
				BUNDLE_LOADER = "$(TEST_HOST)";
				CODE_SIGN_STYLE = Automatic;
				CURRENT_PROJECT_VERSION = 1;
				DEVELOPMENT_TEAM = 7SGM899LTH;
				GENERATE_INFOPLIST_FILE = YES;
				IPHONEOS_DEPLOYMENT_TARGET = 18.0;
				MARKETING_VERSION = 1.0;
				PRODUCT_BUNDLE_IDENTIFIER = com.adambsadler.TasteTestTests;
				PRODUCT_NAME = "$(TARGET_NAME)";
				SWIFT_EMIT_LOC_STRINGS = NO;
				SWIFT_VERSION = 5.0;
				TARGETED_DEVICE_FAMILY = "1,2";
				TEST_HOST = "$(BUILT_PRODUCTS_DIR)/TasteTest.app/$(BUNDLE_EXECUTABLE_FOLDER_PATH)/TasteTest";
			};
			name = Debug;
		};
		F91EC2EF2C9A0F98009B03EF /* Release */ = {
			isa = XCBuildConfiguration;
			buildSettings = {
				BUNDLE_LOADER = "$(TEST_HOST)";
				CODE_SIGN_STYLE = Automatic;
				CURRENT_PROJECT_VERSION = 1;
				DEVELOPMENT_TEAM = 7SGM899LTH;
				GENERATE_INFOPLIST_FILE = YES;
				IPHONEOS_DEPLOYMENT_TARGET = 18.0;
				MARKETING_VERSION = 1.0;
				PRODUCT_BUNDLE_IDENTIFIER = com.adambsadler.TasteTestTests;
				PRODUCT_NAME = "$(TARGET_NAME)";
				SWIFT_EMIT_LOC_STRINGS = NO;
				SWIFT_VERSION = 5.0;
				TARGETED_DEVICE_FAMILY = "1,2";
				TEST_HOST = "$(BUILT_PRODUCTS_DIR)/TasteTest.app/$(BUNDLE_EXECUTABLE_FOLDER_PATH)/TasteTest";
			};
			name = Release;
		};
		F91EC2F12C9A0F98009B03EF /* Debug */ = {
			isa = XCBuildConfiguration;
			buildSettings = {
				CODE_SIGN_STYLE = Automatic;
				CURRENT_PROJECT_VERSION = 1;
				DEVELOPMENT_TEAM = 7SGM899LTH;
				GENERATE_INFOPLIST_FILE = YES;
				MARKETING_VERSION = 1.0;
				PRODUCT_BUNDLE_IDENTIFIER = com.adambsadler.TasteTestUITests;
				PRODUCT_NAME = "$(TARGET_NAME)";
				SWIFT_EMIT_LOC_STRINGS = NO;
				SWIFT_VERSION = 5.0;
				TARGETED_DEVICE_FAMILY = "1,2";
				TEST_TARGET_NAME = TasteTest;
			};
			name = Debug;
		};
		F91EC2F22C9A0F98009B03EF /* Release */ = {
			isa = XCBuildConfiguration;
			buildSettings = {
				CODE_SIGN_STYLE = Automatic;
				CURRENT_PROJECT_VERSION = 1;
				DEVELOPMENT_TEAM = 7SGM899LTH;
				GENERATE_INFOPLIST_FILE = YES;
				MARKETING_VERSION = 1.0;
				PRODUCT_BUNDLE_IDENTIFIER = com.adambsadler.TasteTestUITests;
				PRODUCT_NAME = "$(TARGET_NAME)";
				SWIFT_EMIT_LOC_STRINGS = NO;
				SWIFT_VERSION = 5.0;
				TARGETED_DEVICE_FAMILY = "1,2";
				TEST_TARGET_NAME = TasteTest;
			};
			name = Release;
		};
/* End XCBuildConfiguration section */

/* Begin XCConfigurationList section */
		F91EC2BF2C9A0F96009B03EF /* Build configuration list for PBXProject "TasteTest" */ = {
			isa = XCConfigurationList;
			buildConfigurations = (
				F91EC2E82C9A0F98009B03EF /* Debug */,
				F91EC2E92C9A0F98009B03EF /* Release */,
			);
			defaultConfigurationIsVisible = 0;
			defaultConfigurationName = Release;
		};
		F91EC2EA2C9A0F98009B03EF /* Build configuration list for PBXNativeTarget "TasteTest" */ = {
			isa = XCConfigurationList;
			buildConfigurations = (
				F91EC2EB2C9A0F98009B03EF /* Debug */,
				F91EC2EC2C9A0F98009B03EF /* Release */,
			);
			defaultConfigurationIsVisible = 0;
			defaultConfigurationName = Release;
		};
		F91EC2ED2C9A0F98009B03EF /* Build configuration list for PBXNativeTarget "TasteTestTests" */ = {
			isa = XCConfigurationList;
			buildConfigurations = (
				F91EC2EE2C9A0F98009B03EF /* Debug */,
				F91EC2EF2C9A0F98009B03EF /* Release */,
			);
			defaultConfigurationIsVisible = 0;
			defaultConfigurationName = Release;
		};
		F91EC2F02C9A0F98009B03EF /* Build configuration list for PBXNativeTarget "TasteTestUITests" */ = {
			isa = XCConfigurationList;
			buildConfigurations = (
				F91EC2F12C9A0F98009B03EF /* Debug */,
				F91EC2F22C9A0F98009B03EF /* Release */,
			);
			defaultConfigurationIsVisible = 0;
			defaultConfigurationName = Release;
		};
/* End XCConfigurationList section */
	};
	rootObject = F91EC2BC2C9A0F96009B03EF /* Project object */;
}
